PODS:
  - DebugRouter (5.0.10):
    - DebugRouter/Framework (= 5.0.10)
    - DebugRouter/Native (= 5.0.10)
    - DebugRouter/third_party (= 5.0.10)
  - DebugRouter/Framework (5.0.10):
    - DebugRouter/Native
  - DebugRouter/MessageTransceiverEnable (5.0.10)
  - DebugRouter/Native (5.0.10):
    - DebugRouter/third_party
  - DebugRouter/third_party (5.0.10):
    - DebugRouter/third_party/jsoncpp (= 5.0.10)
  - DebugRouter/third_party/jsoncpp (5.0.10)

DEPENDENCIES:
  - DebugRouter (from `../../../`)
  - DebugRouter/MessageTransceiverEnable (from `../../../`)

EXTERNAL SOURCES:
  DebugRouter:
    :path: "../../../"

SPEC CHECKSUMS:
  DebugRouter: a7adbd11023ce0e7d49ed4288e4dca23e6b41a25

PODFILE CHECKSUM: 95db8d786fa131f2ac73661e12bc6e3a4b4fe16b

COCOAPODS: 1.10.1
